
Microsoft Visual Studio Solution File, Format Version 12.00
# Visual Studio 2013
VisualStudioVersion = 12.0.21005.1
MinimumVisualStudioVersion = 10.0.40219.1
Project("{FAE04EC0-301F-11D3-BF4B-00C04F79EFBC}") = "WpfSokoban", "WpfSokoban\WpfSokoban.csproj", "{CC3E693A-0D6D-4220-BD28-407B378933C4}"
EndProject
Project("{FAE04EC0-301F-11D3-BF4B-00C04F79EFBC}") = "Orpius.Sokoban", "Orpius.Sokoban\Orpius.Sokoban.csproj", "{ABAF9D35-CD92-49F9-9E68-9B04E2B28BA7}"
EndProject
Global
	GlobalSection(SolutionConfigurationPlatforms) = preSolution
		Debug|Any CPU = Debug|Any CPU
		Release|Any CPU = Release|Any CPU
	EndGlobalSection
	GlobalSection(ProjectConfigurationPlatforms) = postSolution
		{CC3E693A-0D6D-4220-BD28-407B378933C4}.Debug|Any CPU.ActiveCfg = Debug|Any CPU
		{CC3E693A-0D6D-4220-BD28-407B378933C4}.Debug|Any CPU.Build.0 = Debug|Any CPU
		{CC3E693A-0D6D-4220-BD28-407B378933C4}.Release|Any CPU.ActiveCfg = Release|Any CPU
		{CC3E693A-0D6D-4220-BD28-407B378933C4}.Release|Any CPU.Build.0 = Release|Any CPU
		{ABAF9D35-CD92-49F9-9E68-9B04E2B28BA7}.Debug|Any CPU.ActiveCfg = Debug|Any CPU
		{ABAF9D35-CD92-49F9-9E68-9B04E2B28BA7}.Debug|Any CPU.Build.0 = Debug|Any CPU
		{ABAF9D35-CD92-49F9-9E68-9B04E2B28BA7}.Release|Any CPU.ActiveCfg = Release|Any CPU
		{ABAF9D35-CD92-49F9-9E68-9B04E2B28BA7}.Release|Any CPU.Build.0 = Release|Any CPU
	EndGlobalSection
	GlobalSection(SolutionProperties) = preSolution
		HideSolutionNode = FALSE
	EndGlobalSection
EndGlobal
